
Microsoft Visual Studio Solution File, Format Version 12.00
# Visual Studio Version 17
VisualStudioVersion = 17.8.34309.116
MinimumVisualStudioVersion = 10.0.40219.1
Project("{8BC9CEB8-8B4A-11D0-8D11-00A0C91BC942}") = "BakJoon_Level13", "BakJoon_Level13.vcxproj", "{D8C3EFD5-D5FD-42AC-8E93-40B224972597}"
EndProject
Global
	GlobalSection(SolutionConfigurationPlatforms) = preSolution
		Debug|x64 = Debug|x64
		Debug|x86 = Debug|x86
		Release|x64 = Release|x64
		Release|x86 = Release|x86
	EndGlobalSection
	GlobalSection(ProjectConfigurationPlatforms) = postSolution
		{D8C3EFD5-D5FD-42AC-8E93-40B224972597}.Debug|x64.ActiveCfg = Debug|x64
		{D8C3EFD5-D5FD-42AC-8E93-40B224972597}.Debug|x64.Build.0 = Debug|x64
		{D8C3EFD5-D5FD-42AC-8E93-40B224972597}.Debug|x86.ActiveCfg = Debug|Win32
		{D8C3EFD5-D5FD-42AC-8E93-40B224972597}.Debug|x86.Build.0 = Debug|Win32
		{D8C3EFD5-D5FD-42AC-8E93-40B224972597}.Release|x64.ActiveCfg = Release|x64
		{D8C3EFD5-D5FD-42AC-8E93-40B224972597}.Release|x64.Build.0 = Release|x64
		{D8C3EFD5-D5FD-42AC-8E93-40B224972597}.Release|x86.ActiveCfg = Release|Win32
		{D8C3EFD5-D5FD-42AC-8E93-40B224972597}.Release|x86.Build.0 = Release|Win32
	EndGlobalSection
	GlobalSection(SolutionProperties) = preSolution
		HideSolutionNode = FALSE
	EndGlobalSection
	GlobalSection(ExtensibilityGlobals) = postSolution
		SolutionGuid = {A48BDE26-180B-477F-A7E3-3D7BFDEC0E53}
	EndGlobalSection
EndGlobal
