
Microsoft Visual Studio Solution File, Format Version 12.00
# Visual Studio Version 17
VisualStudioVersion = 17.8.34511.84
MinimumVisualStudioVersion = 10.0.40219.1
Project("{8BC9CEB8-8B4A-11D0-8D11-00A0C91BC942}") = "BakJoon_Level26", "BakJoon_Level26.vcxproj", "{51D032BA-316A-446E-8317-C4956D4AFA9A}"
EndProject
Global
	GlobalSection(SolutionConfigurationPlatforms) = preSolution
		Debug|x64 = Debug|x64
		Debug|x86 = Debug|x86
		Release|x64 = Release|x64
		Release|x86 = Release|x86
	EndGlobalSection
	GlobalSection(ProjectConfigurationPlatforms) = postSolution
		{51D032BA-316A-446E-8317-C4956D4AFA9A}.Debug|x64.ActiveCfg = Debug|x64
		{51D032BA-316A-446E-8317-C4956D4AFA9A}.Debug|x64.Build.0 = Debug|x64
		{51D032BA-316A-446E-8317-C4956D4AFA9A}.Debug|x86.ActiveCfg = Debug|Win32
		{51D032BA-316A-446E-8317-C4956D4AFA9A}.Debug|x86.Build.0 = Debug|Win32
		{51D032BA-316A-446E-8317-C4956D4AFA9A}.Release|x64.ActiveCfg = Release|x64
		{51D032BA-316A-446E-8317-C4956D4AFA9A}.Release|x64.Build.0 = Release|x64
		{51D032BA-316A-446E-8317-C4956D4AFA9A}.Release|x86.ActiveCfg = Release|Win32
		{51D032BA-316A-446E-8317-C4956D4AFA9A}.Release|x86.Build.0 = Release|Win32
	EndGlobalSection
	GlobalSection(SolutionProperties) = preSolution
		HideSolutionNode = FALSE
	EndGlobalSection
	GlobalSection(ExtensibilityGlobals) = postSolution
		SolutionGuid = {E9521FFC-5D2F-4A43-82D9-C533428756B4}
	EndGlobalSection
EndGlobal
