
Microsoft Visual Studio Solution File, Format Version 12.00
# Visual Studio Version 17
VisualStudioVersion = 17.8.34511.84
MinimumVisualStudioVersion = 10.0.40219.1
Project("{8BC9CEB8-8B4A-11D0-8D11-00A0C91BC942}") = "BakJoon_Level24", "BakJoon_Level24.vcxproj", "{9EC38CDB-BB5F-4787-924D-4249F822B80C}"
EndProject
Global
	GlobalSection(SolutionConfigurationPlatforms) = preSolution
		Debug|x64 = Debug|x64
		Debug|x86 = Debug|x86
		Release|x64 = Release|x64
		Release|x86 = Release|x86
	EndGlobalSection
	GlobalSection(ProjectConfigurationPlatforms) = postSolution
		{9EC38CDB-BB5F-4787-924D-4249F822B80C}.Debug|x64.ActiveCfg = Debug|x64
		{9EC38CDB-BB5F-4787-924D-4249F822B80C}.Debug|x64.Build.0 = Debug|x64
		{9EC38CDB-BB5F-4787-924D-4249F822B80C}.Debug|x86.ActiveCfg = Debug|Win32
		{9EC38CDB-BB5F-4787-924D-4249F822B80C}.Debug|x86.Build.0 = Debug|Win32
		{9EC38CDB-BB5F-4787-924D-4249F822B80C}.Release|x64.ActiveCfg = Release|x64
		{9EC38CDB-BB5F-4787-924D-4249F822B80C}.Release|x64.Build.0 = Release|x64
		{9EC38CDB-BB5F-4787-924D-4249F822B80C}.Release|x86.ActiveCfg = Release|Win32
		{9EC38CDB-BB5F-4787-924D-4249F822B80C}.Release|x86.Build.0 = Release|Win32
	EndGlobalSection
	GlobalSection(SolutionProperties) = preSolution
		HideSolutionNode = FALSE
	EndGlobalSection
	GlobalSection(ExtensibilityGlobals) = postSolution
		SolutionGuid = {75CB1504-9228-4A3A-AAF9-B12505093B23}
	EndGlobalSection
EndGlobal
